// !$*UTF8*$!
{
	archiveVersion = 1;
	classes = {
	};
	objectVersion = 50;
	objects = {

/* Begin PBXBuildFile section */
		2E10AAC52181E47500A1ED77 /* AppDelegate.swift in Sources */ = {isa = PBXBuildFile; fileRef = 2E10AAC42181E47500A1ED77 /* AppDelegate.swift */; };
		2E10AAC72181E47500A1ED77 /* ViewController.swift in Sources */ = {isa = PBXBuildFile; fileRef = 2E10AAC62181E47500A1ED77 /* ViewController.swift */; };
		2E10AACA2181E47500A1ED77 /* Main.storyboard in Resources */ = {isa = PBXBuildFile; fileRef = 2E10AAC82181E47500A1ED77 /* Main.storyboard */; };
		2E10AACC2181E47500A1ED77 /* Assets.xcassets in Resources */ = {isa = PBXBuildFile; fileRef = 2E10AACB2181E47500A1ED77 /* Assets.xcassets */; };
		2E10AACF2181E47500A1ED77 /* LaunchScreen.storyboard in Resources */ = {isa = PBXBuildFile; fileRef = 2E10AACD2181E47500A1ED77 /* LaunchScreen.storyboard */; };
		2E10AAD42181E47500A1ED77 /* ActivityRings watchOS Example WatchKit App.app in Embed Watch Content */ = {isa = PBXBuildFile; fileRef = 2E10AAD32181E47500A1ED77 /* ActivityRings watchOS Example WatchKit App.app */; };
		2E10AADA2181E47500A1ED77 /* Interface.storyboard in Resources */ = {isa = PBXBuildFile; fileRef = 2E10AAD82181E47500A1ED77 /* Interface.storyboard */; };
		2E10AADC2181E47600A1ED77 /* Assets.xcassets in Resources */ = {isa = PBXBuildFile; fileRef = 2E10AADB2181E47600A1ED77 /* Assets.xcassets */; };
		2E10AAE32181E47600A1ED77 /* ActivityRings watchOS Example WatchKit Extension.appex in Embed App Extensions */ = {isa = PBXBuildFile; fileRef = 2E10AAE22181E47600A1ED77 /* ActivityRings watchOS Example WatchKit Extension.appex */; settings = {ATTRIBUTES = (RemoveHeadersOnCopy, ); }; };
		2E10AAE82181E47600A1ED77 /* InterfaceController.swift in Sources */ = {isa = PBXBuildFile; fileRef = 2E10AAE72181E47600A1ED77 /* InterfaceController.swift */; };
		2E10AAEA2181E47600A1ED77 /* ExtensionDelegate.swift in Sources */ = {isa = PBXBuildFile; fileRef = 2E10AAE92181E47600A1ED77 /* ExtensionDelegate.swift */; };
		2E10AAEC2181E47600A1ED77 /* Assets.xcassets in Resources */ = {isa = PBXBuildFile; fileRef = 2E10AAEB2181E47600A1ED77 /* Assets.xcassets */; };
		2E10AB012181E61800A1ED77 /* ActivityRings_watchOS.framework in Frameworks */ = {isa = PBXBuildFile; fileRef = 2E10AB002181E61800A1ED77 /* ActivityRings_watchOS.framework */; };
		2E10AB032181E62D00A1ED77 /* ActivityRings_watchOS.framework in Embed Frameworks */ = {isa = PBXBuildFile; fileRef = 2E10AB002181E61800A1ED77 /* ActivityRings_watchOS.framework */; settings = {ATTRIBUTES = (CodeSignOnCopy, RemoveHeadersOnCopy, ); }; };
/* End PBXBuildFile section */

/* Begin PBXContainerItemProxy section */
		2E10AAD52181E47500A1ED77 /* PBXContainerItemProxy */ = {
			isa = PBXContainerItemProxy;
			containerPortal = 2E10AAB92181E47500A1ED77 /* Project object */;
			proxyType = 1;
			remoteGlobalIDString = 2E10AAD22181E47500A1ED77;
			remoteInfo = "ActivityRings watchOS Example WatchKit App";
		};
		2E10AAE42181E47600A1ED77 /* PBXContainerItemProxy */ = {
			isa = PBXContainerItemProxy;
			containerPortal = 2E10AAB92181E47500A1ED77 /* Project object */;
			proxyType = 1;
			remoteGlobalIDString = 2E10AAE12181E47600A1ED77;
			remoteInfo = "ActivityRings watchOS Example WatchKit Extension";
		};
/* End PBXContainerItemProxy section */

/* Begin PBXCopyFilesBuildPhase section */
		2E10AAF32181E47600A1ED77 /* Embed App Extensions */ = {
			isa = PBXCopyFilesBuildPhase;
			buildActionMask = 2147483647;
			dstPath = "";
			dstSubfolderSpec = 13;
			files = (
				2E10AAE32181E47600A1ED77 /* ActivityRings watchOS Example WatchKit Extension.appex in Embed App Extensions */,
			);
			name = "Embed App Extensions";
			runOnlyForDeploymentPostprocessing = 0;
		};
		2E10AAF72181E47600A1ED77 /* Embed Watch Content */ = {
			isa = PBXCopyFilesBuildPhase;
			buildActionMask = 2147483647;
			dstPath = "$(CONTENTS_FOLDER_PATH)/Watch";
			dstSubfolderSpec = 16;
			files = (
				2E10AAD42181E47500A1ED77 /* ActivityRings watchOS Example WatchKit App.app in Embed Watch Content */,
			);
			name = "Embed Watch Content";
			runOnlyForDeploymentPostprocessing = 0;
		};
		2E10AAFE2181E5A800A1ED77 /* Embed Frameworks */ = {
			isa = PBXCopyFilesBuildPhase;
			buildActionMask = 2147483647;
			dstPath = "";
			dstSubfolderSpec = 10;
			files = (
				2E10AB032181E62D00A1ED77 /* ActivityRings_watchOS.framework in Embed Frameworks */,
			);
			name = "Embed Frameworks";
			runOnlyForDeploymentPostprocessing = 0;
		};
/* End PBXCopyFilesBuildPhase section */

/* Begin PBXFileReference section */
		2E10AAC12181E47500A1ED77 /* ActivityRings watchOS Example.app */ = {isa = PBXFileReference; explicitFileType = wrapper.application; includeInIndex = 0; path = "ActivityRings watchOS Example.app"; sourceTree = BUILT_PRODUCTS_DIR; };
		2E10AAC42181E47500A1ED77 /* AppDelegate.swift */ = {isa = PBXFileReference; lastKnownFileType = sourcecode.swift; path = AppDelegate.swift; sourceTree = "<group>"; };
		2E10AAC62181E47500A1ED77 /* ViewController.swift */ = {isa = PBXFileReference; lastKnownFileType = sourcecode.swift; path = ViewController.swift; sourceTree = "<group>"; };
		2E10AAC92181E47500A1ED77 /* Base */ = {isa = PBXFileReference; lastKnownFileType = file.storyboard; name = Base; path = Base.lproj/Main.storyboard; sourceTree = "<group>"; };
		2E10AACB2181E47500A1ED77 /* Assets.xcassets */ = {isa = PBXFileReference; lastKnownFileType = folder.assetcatalog; path = Assets.xcassets; sourceTree = "<group>"; };
		2E10AACE2181E47500A1ED77 /* Base */ = {isa = PBXFileReference; lastKnownFileType = file.storyboard; name = Base; path = Base.lproj/LaunchScreen.storyboard; sourceTree = "<group>"; };
		2E10AAD02181E47500A1ED77 /* Info.plist */ = {isa = PBXFileReference; lastKnownFileType = text.plist.xml; path = Info.plist; sourceTree = "<group>"; };
		2E10AAD32181E47500A1ED77 /* ActivityRings watchOS Example WatchKit App.app */ = {isa = PBXFileReference; explicitFileType = wrapper.application; includeInIndex = 0; path = "ActivityRings watchOS Example WatchKit App.app"; sourceTree = BUILT_PRODUCTS_DIR; };
		2E10AAD92181E47500A1ED77 /* Base */ = {isa = PBXFileReference; lastKnownFileType = file.storyboard; name = Base; path = Base.lproj/Interface.storyboard; sourceTree = "<group>"; };
		2E10AADB2181E47600A1ED77 /* Assets.xcassets */ = {isa = PBXFileReference; lastKnownFileType = folder.assetcatalog; path = Assets.xcassets; sourceTree = "<group>"; };
		2E10AADD2181E47600A1ED77 /* Info.plist */ = {isa = PBXFileReference; lastKnownFileType = text.plist.xml; path = Info.plist; sourceTree = "<group>"; };
		2E10AAE22181E47600A1ED77 /* ActivityRings watchOS Example WatchKit Extension.appex */ = {isa = PBXFileReference; explicitFileType = "wrapper.app-extension"; includeInIndex = 0; path = "ActivityRings watchOS Example WatchKit Extension.appex"; sourceTree = BUILT_PRODUCTS_DIR; };
		2E10AAE72181E47600A1ED77 /* InterfaceController.swift */ = {isa = PBXFileReference; lastKnownFileType = sourcecode.swift; path = InterfaceController.swift; sourceTree = "<group>"; };
		2E10AAE92181E47600A1ED77 /* ExtensionDelegate.swift */ = {isa = PBXFileReference; lastKnownFileType = sourcecode.swift; path = ExtensionDelegate.swift; sourceTree = "<group>"; };
		2E10AAEB2181E47600A1ED77 /* Assets.xcassets */ = {isa = PBXFileReference; lastKnownFileType = folder.assetcatalog; path = Assets.xcassets; sourceTree = "<group>"; };
		2E10AAED2181E47600A1ED77 /* Info.plist */ = {isa = PBXFileReference; lastKnownFileType = text.plist.xml; path = Info.plist; sourceTree = "<group>"; };
		2E10AB002181E61800A1ED77 /* ActivityRings_watchOS.framework */ = {isa = PBXFileReference; lastKnownFileType = wrapper.framework; name = ActivityRings_watchOS.framework; path = "../Debug-watchsimulator/ActivityRings_watchOS.framework"; sourceTree = BUILT_PRODUCTS_DIR; };
/* End PBXFileReference section */

/* Begin PBXFrameworksBuildPhase section */
		2E10AABE2181E47500A1ED77 /* Frameworks */ = {
			isa = PBXFrameworksBuildPhase;
			buildActionMask = 2147483647;
			files = (
			);
			runOnlyForDeploymentPostprocessing = 0;
		};
		2E10AADF2181E47600A1ED77 /* Frameworks */ = {
			isa = PBXFrameworksBuildPhase;
			buildActionMask = 2147483647;
			files = (
				2E10AB012181E61800A1ED77 /* ActivityRings_watchOS.framework in Frameworks */,
			);
			runOnlyForDeploymentPostprocessing = 0;
		};
/* End PBXFrameworksBuildPhase section */

/* Begin PBXGroup section */
		2E10AAB82181E47500A1ED77 = {
			isa = PBXGroup;
			children = (
				2E10AAC32181E47500A1ED77 /* ActivityRings watchOS Example */,
				2E10AAD72181E47500A1ED77 /* ActivityRings watchOS Example WatchKit App */,
				2E10AAE62181E47600A1ED77 /* ActivityRings watchOS Example WatchKit Extension */,
				2E10AAC22181E47500A1ED77 /* Products */,
				2E10AB002181E61800A1ED77 /* ActivityRings_watchOS.framework */,
			);
			sourceTree = "<group>";
		};
		2E10AAC22181E47500A1ED77 /* Products */ = {
			isa = PBXGroup;
			children = (
				2E10AAC12181E47500A1ED77 /* ActivityRings watchOS Example.app */,
				2E10AAD32181E47500A1ED77 /* ActivityRings watchOS Example WatchKit App.app */,
				2E10AAE22181E47600A1ED77 /* ActivityRings watchOS Example WatchKit Extension.appex */,
			);
			name = Products;
			sourceTree = "<group>";
		};
		2E10AAC32181E47500A1ED77 /* ActivityRings watchOS Example */ = {
			isa = PBXGroup;
			children = (
				2E10AAC42181E47500A1ED77 /* AppDelegate.swift */,
				2E10AAC62181E47500A1ED77 /* ViewController.swift */,
				2E10AAC82181E47500A1ED77 /* Main.storyboard */,
				2E10AACB2181E47500A1ED77 /* Assets.xcassets */,
				2E10AACD2181E47500A1ED77 /* LaunchScreen.storyboard */,
				2E10AAD02181E47500A1ED77 /* Info.plist */,
			);
			path = "ActivityRings watchOS Example";
			sourceTree = "<group>";
		};
		2E10AAD72181E47500A1ED77 /* ActivityRings watchOS Example WatchKit App */ = {
			isa = PBXGroup;
			children = (
				2E10AAD82181E47500A1ED77 /* Interface.storyboard */,
				2E10AADB2181E47600A1ED77 /* Assets.xcassets */,
				2E10AADD2181E47600A1ED77 /* Info.plist */,
			);
			path = "ActivityRings watchOS Example WatchKit App";
			sourceTree = "<group>";
		};
		2E10AAE62181E47600A1ED77 /* ActivityRings watchOS Example WatchKit Extension */ = {
			isa = PBXGroup;
			children = (
				2E10AAE72181E47600A1ED77 /* InterfaceController.swift */,
				2E10AAE92181E47600A1ED77 /* ExtensionDelegate.swift */,
				2E10AAEB2181E47600A1ED77 /* Assets.xcassets */,
				2E10AAED2181E47600A1ED77 /* Info.plist */,
			);
			path = "ActivityRings watchOS Example WatchKit Extension";
			sourceTree = "<group>";
		};
/* End PBXGroup section */

/* Begin PBXNativeTarget section */
		2E10AAC02181E47500A1ED77 /* ActivityRings watchOS Example */ = {
			isa = PBXNativeTarget;
			buildConfigurationList = 2E10AAF82181E47600A1ED77 /* Build configuration list for PBXNativeTarget "ActivityRings watchOS Example" */;
			buildPhases = (
				2E10AABD2181E47500A1ED77 /* Sources */,
				2E10AABE2181E47500A1ED77 /* Frameworks */,
				2E10AABF2181E47500A1ED77 /* Resources */,
				2E10AAF72181E47600A1ED77 /* Embed Watch Content */,
			);
			buildRules = (
			);
			dependencies = (
				2E10AAD62181E47500A1ED77 /* PBXTargetDependency */,
			);
			name = "ActivityRings watchOS Example";
			productName = "ActivityRings watchOS Example";
			productReference = 2E10AAC12181E47500A1ED77 /* ActivityRings watchOS Example.app */;
			productType = "com.apple.product-type.application";
		};
		2E10AAD22181E47500A1ED77 /* ActivityRings watchOS Example WatchKit App */ = {
			isa = PBXNativeTarget;
			buildConfigurationList = 2E10AAF42181E47600A1ED77 /* Build configuration list for PBXNativeTarget "ActivityRings watchOS Example WatchKit App" */;
			buildPhases = (
				2E10AAD12181E47500A1ED77 /* Resources */,
				2E10AAF32181E47600A1ED77 /* Embed App Extensions */,
			);
			buildRules = (
			);
			dependencies = (
				2E10AAE52181E47600A1ED77 /* PBXTargetDependency */,
			);
			name = "ActivityRings watchOS Example WatchKit App";
			productName = "ActivityRings watchOS Example WatchKit App";
			productReference = 2E10AAD32181E47500A1ED77 /* ActivityRings watchOS Example WatchKit App.app */;
			productType = "com.apple.product-type.application.watchapp2";
		};
		2E10AAE12181E47600A1ED77 /* ActivityRings watchOS Example WatchKit Extension */ = {
			isa = PBXNativeTarget;
			buildConfigurationList = 2E10AAF02181E47600A1ED77 /* Build configuration list for PBXNativeTarget "ActivityRings watchOS Example WatchKit Extension" */;
			buildPhases = (
				2E10AADE2181E47600A1ED77 /* Sources */,
				2E10AADF2181E47600A1ED77 /* Frameworks */,
				2E10AAE02181E47600A1ED77 /* Resources */,
				2E10AAFE2181E5A800A1ED77 /* Embed Frameworks */,
			);
			buildRules = (
			);
			dependencies = (
			);
			name = "ActivityRings watchOS Example WatchKit Extension";
			productName = "ActivityRings watchOS Example WatchKit Extension";
			productReference = 2E10AAE22181E47600A1ED77 /* ActivityRings watchOS Example WatchKit Extension.appex */;
			productType = "com.apple.product-type.watchkit2-extension";
		};
/* End PBXNativeTarget section */

/* Begin PBXProject section */
		2E10AAB92181E47500A1ED77 /* Project object */ = {
			isa = PBXProject;
			attributes = {
				LastSwiftUpdateCheck = 1000;
				LastUpgradeCheck = 1000;
				ORGANIZATIONNAME = "Harshil Shah";
				TargetAttributes = {
					2E10AAC02181E47500A1ED77 = {
						CreatedOnToolsVersion = 10.0;
					};
					2E10AAD22181E47500A1ED77 = {
						CreatedOnToolsVersion = 10.0;
					};
					2E10AAE12181E47600A1ED77 = {
						CreatedOnToolsVersion = 10.0;
					};
				};
			};
			buildConfigurationList = 2E10AABC2181E47500A1ED77 /* Build configuration list for PBXProject "ActivityRings watchOS Example" */;
			compatibilityVersion = "Xcode 9.3";
			developmentRegion = en;
			hasScannedForEncodings = 0;
			knownRegions = (
				en,
				Base,
			);
			mainGroup = 2E10AAB82181E47500A1ED77;
			productRefGroup = 2E10AAC22181E47500A1ED77 /* Products */;
			projectDirPath = "";
			projectRoot = "";
			targets = (
				2E10AAC02181E47500A1ED77 /* ActivityRings watchOS Example */,
				2E10AAD22181E47500A1ED77 /* ActivityRings watchOS Example WatchKit App */,
				2E10AAE12181E47600A1ED77 /* ActivityRings watchOS Example WatchKit Extension */,
			);
		};
/* End PBXProject section */

/* Begin PBXResourcesBuildPhase section */
		2E10AABF2181E47500A1ED77 /* Resources */ = {
			isa = PBXResourcesBuildPhase;
			buildActionMask = 2147483647;
			files = (
				2E10AACF2181E47500A1ED77 /* LaunchScreen.storyboard in Resources */,
				2E10AACC2181E47500A1ED77 /* Assets.xcassets in Resources */,
				2E10AACA2181E47500A1ED77 /* Main.storyboard in Resources */,
			);
			runOnlyForDeploymentPostprocessing = 0;
		};
		2E10AAD12181E47500A1ED77 /* Resources */ = {
			isa = PBXResourcesBuildPhase;
			buildActionMask = 2147483647;
			files = (
				2E10AADC2181E47600A1ED77 /* Assets.xcassets in Resources */,
				2E10AADA2181E47500A1ED77 /* Interface.storyboard in Resources */,
			);
			runOnlyForDeploymentPostprocessing = 0;
		};
		2E10AAE02181E47600A1ED77 /* Resources */ = {
			isa = PBXResourcesBuildPhase;
			buildActionMask = 2147483647;
			files = (
				2E10AAEC2181E47600A1ED77 /* Assets.xcassets in Resources */,
			);
			runOnlyForDeploymentPostprocessing = 0;
		};
/* End PBXResourcesBuildPhase section */

/* Begin PBXSourcesBuildPhase section */
		2E10AABD2181E47500A1ED77 /* Sources */ = {
			isa = PBXSourcesBuildPhase;
			buildActionMask = 2147483647;
			files = (
				2E10AAC72181E47500A1ED77 /* ViewController.swift in Sources */,
				2E10AAC52181E47500A1ED77 /* AppDelegate.swift in Sources */,
			);
			runOnlyForDeploymentPostprocessing = 0;
		};
		2E10AADE2181E47600A1ED77 /* Sources */ = {
			isa = PBXSourcesBuildPhase;
			buildActionMask = 2147483647;
			files = (
				2E10AAEA2181E47600A1ED77 /* ExtensionDelegate.swift in Sources */,
				2E10AAE82181E47600A1ED77 /* InterfaceController.swift in Sources */,
			);
			runOnlyForDeploymentPostprocessing = 0;
		};
/* End PBXSourcesBuildPhase section */

/* Begin PBXTargetDependency section */
		2E10AAD62181E47500A1ED77 /* PBXTargetDependency */ = {
			isa = PBXTargetDependency;
			target = 2E10AAD22181E47500A1ED77 /* ActivityRings watchOS Example WatchKit App */;
			targetProxy = 2E10AAD52181E47500A1ED77 /* PBXContainerItemProxy */;
		};
		2E10AAE52181E47600A1ED77 /* PBXTargetDependency */ = {
			isa = PBXTargetDependency;
			target = 2E10AAE12181E47600A1ED77 /* ActivityRings watchOS Example WatchKit Extension */;
			targetProxy = 2E10AAE42181E47600A1ED77 /* PBXContainerItemProxy */;
		};
/* End PBXTargetDependency section */

/* Begin PBXVariantGroup section */
		2E10AAC82181E47500A1ED77 /* Main.storyboard */ = {
			isa = PBXVariantGroup;
			children = (
				2E10AAC92181E47500A1ED77 /* Base */,
			);
			name = Main.storyboard;
			sourceTree = "<group>";
		};
		2E10AACD2181E47500A1ED77 /* LaunchScreen.storyboard */ = {
			isa = PBXVariantGroup;
			children = (
				2E10AACE2181E47500A1ED77 /* Base */,
			);
			name = LaunchScreen.storyboard;
			sourceTree = "<group>";
		};
		2E10AAD82181E47500A1ED77 /* Interface.storyboard */ = {
			isa = PBXVariantGroup;
			children = (
				2E10AAD92181E47500A1ED77 /* Base */,
			);
			name = Interface.storyboard;
			sourceTree = "<group>";
		};
/* End PBXVariantGroup section */

/* Begin XCBuildConfiguration section */
		2E10AAEE2181E47600A1ED77 /* Debug */ = {
			isa = XCBuildConfiguration;
			buildSettings = {
				ALWAYS_SEARCH_USER_PATHS = NO;
				CLANG_ANALYZER_NONNULL = YES;
				CLANG_ANALYZER_NUMBER_OBJECT_CONVERSION = YES_AGGRESSIVE;
				CLANG_CXX_LANGUAGE_STANDARD = "gnu++14";
				CLANG_CXX_LIBRARY = "libc++";
				CLANG_ENABLE_MODULES = YES;
				CLANG_ENABLE_OBJC_ARC = YES;
				CLANG_ENABLE_OBJC_WEAK = YES;
				CLANG_WARN_BLOCK_CAPTURE_AUTORELEASING = YES;
				CLANG_WARN_BOOL_CONVERSION = YES;
				CLANG_WARN_COMMA = YES;
				CLANG_WARN_CONSTANT_CONVERSION = YES;
				CLANG_WARN_DEPRECATED_OBJC_IMPLEMENTATIONS = YES;
				CLANG_WARN_DIRECT_OBJC_ISA_USAGE = YES_ERROR;
				CLANG_WARN_DOCUMENTATION_COMMENTS = YES;
				CLANG_WARN_EMPTY_BODY = YES;
				CLANG_WARN_ENUM_CONVERSION = YES;
				CLANG_WARN_INFINITE_RECURSION = YES;
				CLANG_WARN_INT_CONVERSION = YES;
				CLANG_WARN_NON_LITERAL_NULL_CONVERSION = YES;
				CLANG_WARN_OBJC_IMPLICIT_RETAIN_SELF = YES;
				CLANG_WARN_OBJC_LITERAL_CONVERSION = YES;
				CLANG_WARN_OBJC_ROOT_CLASS = YES_ERROR;
				CLANG_WARN_RANGE_LOOP_ANALYSIS = YES;
				CLANG_WARN_STRICT_PROTOTYPES = YES;
				CLANG_WARN_SUSPICIOUS_MOVE = YES;
				CLANG_WARN_UNGUARDED_AVAILABILITY = YES_AGGRESSIVE;
				CLANG_WARN_UNREACHABLE_CODE = YES;
				CLANG_WARN__DUPLICATE_METHOD_MATCH = YES;
				CODE_SIGN_IDENTITY = "iPhone Developer";
				COPY_PHASE_STRIP = NO;
				DEBUG_INFORMATION_FORMAT = dwarf;
				ENABLE_STRICT_OBJC_MSGSEND = YES;
				ENABLE_TESTABILITY = YES;
				GCC_C_LANGUAGE_STANDARD = gnu11;
				GCC_DYNAMIC_NO_PIC = NO;
				GCC_NO_COMMON_BLOCKS = YES;
				GCC_OPTIMIZATION_LEVEL = 0;
				GCC_PREPROCESSOR_DEFINITIONS = (
					"DEBUG=1",
					"$(inherited)",
				);
				GCC_WARN_64_TO_32_BIT_CONVERSION = YES;
				GCC_WARN_ABOUT_RETURN_TYPE = YES_ERROR;
				GCC_WARN_UNDECLARED_SELECTOR = YES;
				GCC_WARN_UNINITIALIZED_AUTOS = YES_AGGRESSIVE;
				GCC_WARN_UNUSED_FUNCTION = YES;
				GCC_WARN_UNUSED_VARIABLE = YES;
				IPHONEOS_DEPLOYMENT_TARGET = 12.0;
				MTL_ENABLE_DEBUG_INFO = INCLUDE_SOURCE;
				MTL_FAST_MATH = YES;
				ONLY_ACTIVE_ARCH = YES;
				SDKROOT = iphoneos;
				SWIFT_ACTIVE_COMPILATION_CONDITIONS = DEBUG;
				SWIFT_OPTIMIZATION_LEVEL = "-Onone";
			};
			name = Debug;
		};
		2E10AAEF2181E47600A1ED77 /* Release */ = {
			isa = XCBuildConfiguration;
			buildSettings = {
				ALWAYS_SEARCH_USER_PATHS = NO;
				CLANG_ANALYZER_NONNULL = YES;
				CLANG_ANALYZER_NUMBER_OBJECT_CONVERSION = YES_AGGRESSIVE;
				CLANG_CXX_LANGUAGE_STANDARD = "gnu++14";
				CLANG_CXX_LIBRARY = "libc++";
				CLANG_ENABLE_MODULES = YES;
				CLANG_ENABLE_OBJC_ARC = YES;
				CLANG_ENABLE_OBJC_WEAK = YES;
				CLANG_WARN_BLOCK_CAPTURE_AUTORELEASING = YES;
				CLANG_WARN_BOOL_CONVERSION = YES;
				CLANG_WARN_COMMA = YES;
				CLANG_WARN_CONSTANT_CONVERSION = YES;
				CLANG_WARN_DEPRECATED_OBJC_IMPLEMENTATIONS = YES;
				CLANG_WARN_DIRECT_OBJC_ISA_USAGE = YES_ERROR;
				CLANG_WARN_DOCUMENTATION_COMMENTS = YES;
				CLANG_WARN_EMPTY_BODY = YES;
				CLANG_WARN_ENUM_CONVERSION = YES;
				CLANG_WARN_INFINITE_RECURSION = YES;
				CLANG_WARN_INT_CONVERSION = YES;
				CLANG_WARN_NON_LITERAL_NULL_CONVERSION = YES;
				CLANG_WARN_OBJC_IMPLICIT_RETAIN_SELF = YES;
				CLANG_WARN_OBJC_LITERAL_CONVERSION = YES;
				CLANG_WARN_OBJC_ROOT_CLASS = YES_ERROR;
				CLANG_WARN_RANGE_LOOP_ANALYSIS = YES;
				CLANG_WARN_STRICT_PROTOTYPES = YES;
				CLANG_WARN_SUSPICIOUS_MOVE = YES;
				CLANG_WARN_UNGUARDED_AVAILABILITY = YES_AGGRESSIVE;
				CLANG_WARN_UNREACHABLE_CODE = YES;
				CLANG_WARN__DUPLICATE_METHOD_MATCH = YES;
				CODE_SIGN_IDENTITY = "iPhone Developer";
				COPY_PHASE_STRIP = NO;
				DEBUG_INFORMATION_FORMAT = "dwarf-with-dsym";
				ENABLE_NS_ASSERTIONS = NO;
				ENABLE_STRICT_OBJC_MSGSEND = YES;
				GCC_C_LANGUAGE_STANDARD = gnu11;
				GCC_NO_COMMON_BLOCKS = YES;
				GCC_WARN_64_TO_32_BIT_CONVERSION = YES;
				GCC_WARN_ABOUT_RETURN_TYPE = YES_ERROR;
				GCC_WARN_UNDECLARED_SELECTOR = YES;
				GCC_WARN_UNINITIALIZED_AUTOS = YES_AGGRESSIVE;
				GCC_WARN_UNUSED_FUNCTION = YES;
				GCC_WARN_UNUSED_VARIABLE = YES;
				IPHONEOS_DEPLOYMENT_TARGET = 12.0;
				MTL_ENABLE_DEBUG_INFO = NO;
				MTL_FAST_MATH = YES;
				SDKROOT = iphoneos;
				SWIFT_COMPILATION_MODE = wholemodule;
				SWIFT_OPTIMIZATION_LEVEL = "-O";
				VALIDATE_PRODUCT = YES;
			};
			name = Release;
		};
		2E10AAF12181E47600A1ED77 /* Debug */ = {
			isa = XCBuildConfiguration;
			buildSettings = {
				ASSETCATALOG_COMPILER_COMPLICATION_NAME = Complication;
				CODE_SIGN_STYLE = Automatic;
				INFOPLIST_FILE = "ActivityRings watchOS Example WatchKit Extension/Info.plist";
				LD_RUNPATH_SEARCH_PATHS = (
					"$(inherited)",
					"@executable_path/Frameworks",
					"@executable_path/../../Frameworks",
				);
				PRODUCT_BUNDLE_IDENTIFIER = "com.harshilshah.ActivityRings-watchOS-Example.watchkitapp.watchkitextension";
				PRODUCT_NAME = "${TARGET_NAME}";
				SDKROOT = watchos;
				SKIP_INSTALL = YES;
				SWIFT_VERSION = 4.2;
				TARGETED_DEVICE_FAMILY = 4;
				WATCHOS_DEPLOYMENT_TARGET = 5.0;
			};
			name = Debug;
		};
		2E10AAF22181E47600A1ED77 /* Release */ = {
			isa = XCBuildConfiguration;
			buildSettings = {
				ASSETCATALOG_COMPILER_COMPLICATION_NAME = Complication;
				CODE_SIGN_STYLE = Automatic;
				INFOPLIST_FILE = "ActivityRings watchOS Example WatchKit Extension/Info.plist";
				LD_RUNPATH_SEARCH_PATHS = (
					"$(inherited)",
					"@executable_path/Frameworks",
					"@executable_path/../../Frameworks",
				);
				PRODUCT_BUNDLE_IDENTIFIER = "com.harshilshah.ActivityRings-watchOS-Example.watchkitapp.watchkitextension";
				PRODUCT_NAME = "${TARGET_NAME}";
				SDKROOT = watchos;
				SKIP_INSTALL = YES;
				SWIFT_VERSION = 4.2;
				TARGETED_DEVICE_FAMILY = 4;
				WATCHOS_DEPLOYMENT_TARGET = 5.0;
			};
			name = Release;
		};
		2E10AAF52181E47600A1ED77 /* Debug */ = {
			isa = XCBuildConfiguration;
			buildSettings = {
				ALWAYS_EMBED_SWIFT_STANDARD_LIBRARIES = YES;
				ASSETCATALOG_COMPILER_APPICON_NAME = AppIcon;
				CODE_SIGN_STYLE = Automatic;
				IBSC_MODULE = ActivityRings_watchOS_Example_WatchKit_Extension;
				INFOPLIST_FILE = "ActivityRings watchOS Example WatchKit App/Info.plist";
				PRODUCT_BUNDLE_IDENTIFIER = "com.harshilshah.ActivityRings-watchOS-Example.watchkitapp";
				PRODUCT_NAME = "$(TARGET_NAME)";
				SDKROOT = watchos;
				SKIP_INSTALL = YES;
				SWIFT_VERSION = 4.2;
				TARGETED_DEVICE_FAMILY = 4;
				WATCHOS_DEPLOYMENT_TARGET = 5.0;
			};
			name = Debug;
		};
		2E10AAF62181E47600A1ED77 /* Release */ = {
			isa = XCBuildConfiguration;
			buildSettings = {
				ALWAYS_EMBED_SWIFT_STANDARD_LIBRARIES = YES;
				ASSETCATALOG_COMPILER_APPICON_NAME = AppIcon;
				CODE_SIGN_STYLE = Automatic;
				IBSC_MODULE = ActivityRings_watchOS_Example_WatchKit_Extension;
				INFOPLIST_FILE = "ActivityRings watchOS Example WatchKit App/Info.plist";
				PRODUCT_BUNDLE_IDENTIFIER = "com.harshilshah.ActivityRings-watchOS-Example.watchkitapp";
				PRODUCT_NAME = "$(TARGET_NAME)";
				SDKROOT = watchos;
				SKIP_INSTALL = YES;
				SWIFT_VERSION = 4.2;
				TARGETED_DEVICE_FAMILY = 4;
				WATCHOS_DEPLOYMENT_TARGET = 5.0;
			};
			name = Release;
		};
		2E10AAF92181E47600A1ED77 /* Debug */ = {
			isa = XCBuildConfiguration;
			buildSettings = {
				ASSETCATALOG_COMPILER_APPICON_NAME = AppIcon;
				CODE_SIGN_STYLE = Automatic;
				INFOPLIST_FILE = "ActivityRings watchOS Example/Info.plist";
				LD_RUNPATH_SEARCH_PATHS = (
					"$(inherited)",
					"@executable_path/Frameworks",
				);
				PRODUCT_BUNDLE_IDENTIFIER = "com.harshilshah.ActivityRings-watchOS-Example";
				PRODUCT_NAME = "$(TARGET_NAME)";
				SWIFT_VERSION = 4.2;
				TARGETED_DEVICE_FAMILY = "1,2";
			};
			name = Debug;
		};
		2E10AAFA2181E47600A1ED77 /* Release */ = {
			isa = XCBuildConfiguration;
			buildSettings = {
				ASSETCATALOG_COMPILER_APPICON_NAME = AppIcon;
				CODE_SIGN_STYLE = Automatic;
				INFOPLIST_FILE = "ActivityRings watchOS Example/Info.plist";
				LD_RUNPATH_SEARCH_PATHS = (
					"$(inherited)",
					"@executable_path/Frameworks",
				);
				PRODUCT_BUNDLE_IDENTIFIER = "com.harshilshah.ActivityRings-watchOS-Example";
				PRODUCT_NAME = "$(TARGET_NAME)";
				SWIFT_VERSION = 4.2;
				TARGETED_DEVICE_FAMILY = "1,2";
			};
			name = Release;
		};
/* End XCBuildConfiguration section */

/* Begin XCConfigurationList section */
		2E10AABC2181E47500A1ED77 /* Build configuration list for PBXProject "ActivityRings watchOS Example" */ = {
			isa = XCConfigurationList;
			buildConfigurations = (
				2E10AAEE2181E47600A1ED77 /* Debug */,
				2E10AAEF2181E47600A1ED77 /* Release */,
			);
			defaultConfigurationIsVisible = 0;
			defaultConfigurationName = Release;
		};
		2E10AAF02181E47600A1ED77 /* Build configuration list for PBXNativeTarget "ActivityRings watchOS Example WatchKit Extension" */ = {
			isa = XCConfigurationList;
			buildConfigurations = (
				2E10AAF12181E47600A1ED77 /* Debug */,
				2E10AAF22181E47600A1ED77 /* Release */,
			);
			defaultConfigurationIsVisible = 0;
			defaultConfigurationName = Release;
		};
		2E10AAF42181E47600A1ED77 /* Build configuration list for PBXNativeTarget "ActivityRings watchOS Example WatchKit App" */ = {
			isa = XCConfigurationList;
			buildConfigurations = (
				2E10AAF52181E47600A1ED77 /* Debug */,
				2E10AAF62181E47600A1ED77 /* Release */,
			);
			defaultConfigurationIsVisible = 0;
			defaultConfigurationName = Release;
		};
		2E10AAF82181E47600A1ED77 /* Build configuration list for PBXNativeTarget "ActivityRings watchOS Example" */ = {
			isa = XCConfigurationList;
			buildConfigurations = (
				2E10AAF92181E47600A1ED77 /* Debug */,
				2E10AAFA2181E47600A1ED77 /* Release */,
			);
			defaultConfigurationIsVisible = 0;
			defaultConfigurationName = Release;
		};
/* End XCConfigurationList section */
	};
	rootObject = 2E10AAB92181E47500A1ED77 /* Project object */;
}
